{
  "requires": true,
  "lockfileVersion": 1,
  "dependencies": {
    "ya-csv": {
      "version": "1.0.0",
      "resolved": "https://registry.npmjs.org/ya-csv/-/ya-csv-1.0.0.tgz",
      "integrity": "sha512-96MMjYvTqSWPMYNKVvnS3yZhRdlrizeF2Fs/fm/rfqcj5xgpOFUX62KjWpxeMYjA/IsuOIPSm2njuUIO9D00xQ=="
    }
  }
}
